
Microsoft Visual Studio Solution File, Format Version 12.00
# Visual Studio Version 17
VisualStudioVersion = 17.10.34916.146
MinimumVisualStudioVersion = 10.0.40219.1
Project("{FAE04EC0-301F-11D3-BF4B-00C04F79EFBC}") = "Web9-1", "Web9-1.csproj", "{63AF5FA6-2BB6-4412-B1CE-6593150B2B30}"
EndProject
Global
	GlobalSection(SolutionConfigurationPlatforms) = preSolution
		Debug|Any CPU = Debug|Any CPU
		Release|Any CPU = Release|Any CPU
	EndGlobalSection
	GlobalSection(ProjectConfigurationPlatforms) = postSolution
		{63AF5FA6-2BB6-4412-B1CE-6593150B2B30}.Debug|Any CPU.ActiveCfg = Debug|Any CPU
		{63AF5FA6-2BB6-4412-B1CE-6593150B2B30}.Debug|Any CPU.Build.0 = Debug|Any CPU
		{63AF5FA6-2BB6-4412-B1CE-6593150B2B30}.Release|Any CPU.ActiveCfg = Release|Any CPU
		{63AF5FA6-2BB6-4412-B1CE-6593150B2B30}.Release|Any CPU.Build.0 = Release|Any CPU
	EndGlobalSection
	GlobalSection(SolutionProperties) = preSolution
		HideSolutionNode = FALSE
	EndGlobalSection
	GlobalSection(ExtensibilityGlobals) = postSolution
		SolutionGuid = {62CEA931-70B4-4343-970B-F106F2C56764}
	EndGlobalSection
EndGlobal
