
Microsoft Visual Studio Solution File, Format Version 12.00
# Visual Studio Version 17
VisualStudioVersion = 17.1.32210.238
MinimumVisualStudioVersion = 10.0.40219.1
Project("{FAE04EC0-301F-11D3-BF4B-00C04F79EFBC}") = "RayTracing01", "RayTracing01\RayTracing01.csproj", "{396F0453-D627-44A8-8BA5-4FD8F6B7BAD7}"
EndProject
Global
	GlobalSection(SolutionConfigurationPlatforms) = preSolution
		Debug|Any CPU = Debug|Any CPU
		Release|Any CPU = Release|Any CPU
	EndGlobalSection
	GlobalSection(ProjectConfigurationPlatforms) = postSolution
		{396F0453-D627-44A8-8BA5-4FD8F6B7BAD7}.Debug|Any CPU.ActiveCfg = Debug|Any CPU
		{396F0453-D627-44A8-8BA5-4FD8F6B7BAD7}.Debug|Any CPU.Build.0 = Debug|Any CPU
		{396F0453-D627-44A8-8BA5-4FD8F6B7BAD7}.Release|Any CPU.ActiveCfg = Release|Any CPU
		{396F0453-D627-44A8-8BA5-4FD8F6B7BAD7}.Release|Any CPU.Build.0 = Release|Any CPU
	EndGlobalSection
	GlobalSection(SolutionProperties) = preSolution
		HideSolutionNode = FALSE
	EndGlobalSection
	GlobalSection(ExtensibilityGlobals) = postSolution
		SolutionGuid = {2B6DB900-DACD-423C-9F98-EE8E326941E5}
	EndGlobalSection
EndGlobal
