
Microsoft Visual Studio Solution File, Format Version 12.00
# Visual Studio Version 17
VisualStudioVersion = 17.10.34916.146
MinimumVisualStudioVersion = 10.0.40219.1
Project("{FAE04EC0-301F-11D3-BF4B-00C04F79EFBC}") = "web8-2", "web8-2.csproj", "{538FBAF4-25EB-42E4-90A7-2CA1E58D231D}"
EndProject
Global
	GlobalSection(SolutionConfigurationPlatforms) = preSolution
		Debug|Any CPU = Debug|Any CPU
		Release|Any CPU = Release|Any CPU
	EndGlobalSection
	GlobalSection(ProjectConfigurationPlatforms) = postSolution
		{538FBAF4-25EB-42E4-90A7-2CA1E58D231D}.Debug|Any CPU.ActiveCfg = Debug|Any CPU
		{538FBAF4-25EB-42E4-90A7-2CA1E58D231D}.Debug|Any CPU.Build.0 = Debug|Any CPU
		{538FBAF4-25EB-42E4-90A7-2CA1E58D231D}.Release|Any CPU.ActiveCfg = Release|Any CPU
		{538FBAF4-25EB-42E4-90A7-2CA1E58D231D}.Release|Any CPU.Build.0 = Release|Any CPU
	EndGlobalSection
	GlobalSection(SolutionProperties) = preSolution
		HideSolutionNode = FALSE
	EndGlobalSection
	GlobalSection(ExtensibilityGlobals) = postSolution
		SolutionGuid = {6974AEB1-80E8-4861-835A-2AD5340A7F78}
	EndGlobalSection
EndGlobal
