
Microsoft Visual Studio Solution File, Format Version 12.00
# Visual Studio Version 17
VisualStudioVersion = 17.7.34018.315
MinimumVisualStudioVersion = 10.0.40219.1
Project("{FAE04EC0-301F-11D3-BF4B-00C04F79EFBC}") = "PrimeDemo02", "PrimeDemo02\PrimeDemo02.csproj", "{7594928F-6F7C-450A-9672-0F1B0EB970A4}"
EndProject
Global
	GlobalSection(SolutionConfigurationPlatforms) = preSolution
		Debug|Any CPU = Debug|Any CPU
		Release|Any CPU = Release|Any CPU
	EndGlobalSection
	GlobalSection(ProjectConfigurationPlatforms) = postSolution
		{7594928F-6F7C-450A-9672-0F1B0EB970A4}.Debug|Any CPU.ActiveCfg = Debug|Any CPU
		{7594928F-6F7C-450A-9672-0F1B0EB970A4}.Debug|Any CPU.Build.0 = Debug|Any CPU
		{7594928F-6F7C-450A-9672-0F1B0EB970A4}.Release|Any CPU.ActiveCfg = Release|Any CPU
		{7594928F-6F7C-450A-9672-0F1B0EB970A4}.Release|Any CPU.Build.0 = Release|Any CPU
	EndGlobalSection
	GlobalSection(SolutionProperties) = preSolution
		HideSolutionNode = FALSE
	EndGlobalSection
	GlobalSection(ExtensibilityGlobals) = postSolution
		SolutionGuid = {73E5923C-5F7D-4929-B1CF-A4550CE94E3F}
	EndGlobalSection
EndGlobal
