
Microsoft Visual Studio Solution File, Format Version 12.00
# Visual Studio Version 17
VisualStudioVersion = 17.5.33424.131
MinimumVisualStudioVersion = 10.0.40219.1
Project("{FAE04EC0-301F-11D3-BF4B-00C04F79EFBC}") = "MergeDemo", "MergeDemo\MergeDemo.csproj", "{2329B601-4961-401D-AB7F-202CEB0D2AAB}"
EndProject
Global
	GlobalSection(SolutionConfigurationPlatforms) = preSolution
		Debug|Any CPU = Debug|Any CPU
		Release|Any CPU = Release|Any CPU
	EndGlobalSection
	GlobalSection(ProjectConfigurationPlatforms) = postSolution
		{2329B601-4961-401D-AB7F-202CEB0D2AAB}.Debug|Any CPU.ActiveCfg = Debug|Any CPU
		{2329B601-4961-401D-AB7F-202CEB0D2AAB}.Debug|Any CPU.Build.0 = Debug|Any CPU
		{2329B601-4961-401D-AB7F-202CEB0D2AAB}.Release|Any CPU.ActiveCfg = Release|Any CPU
		{2329B601-4961-401D-AB7F-202CEB0D2AAB}.Release|Any CPU.Build.0 = Release|Any CPU
	EndGlobalSection
	GlobalSection(SolutionProperties) = preSolution
		HideSolutionNode = FALSE
	EndGlobalSection
	GlobalSection(ExtensibilityGlobals) = postSolution
		SolutionGuid = {269B3231-453F-47E6-A01E-F3821F9E0E24}
	EndGlobalSection
EndGlobal
